
Microsoft Visual Studio Solution File, Format Version 12.00
# Visual Studio Version 17
VisualStudioVersion = 17.9.34723.18
MinimumVisualStudioVersion = 10.0.40219.1
Project("{FAE04EC0-301F-11D3-BF4B-00C04F79EFBC}") = "CodeVelocity", "CodeVelocity\CodeVelocity.csproj", "{6E19EF22-EEA4-4DC7-90EF-4A42B84781E4}"
EndProject
Global
	GlobalSection(SolutionConfigurationPlatforms) = preSolution
		Debug|Any CPU = Debug|Any CPU
		Release|Any CPU = Release|Any CPU
	EndGlobalSection
	GlobalSection(ProjectConfigurationPlatforms) = postSolution
		{6E19EF22-EEA4-4DC7-90EF-4A42B84781E4}.Debug|Any CPU.ActiveCfg = Debug|Any CPU
		{6E19EF22-EEA4-4DC7-90EF-4A42B84781E4}.Debug|Any CPU.Build.0 = Debug|Any CPU
		{6E19EF22-EEA4-4DC7-90EF-4A42B84781E4}.Release|Any CPU.ActiveCfg = Release|Any CPU
		{6E19EF22-EEA4-4DC7-90EF-4A42B84781E4}.Release|Any CPU.Build.0 = Release|Any CPU
	EndGlobalSection
	GlobalSection(SolutionProperties) = preSolution
		HideSolutionNode = FALSE
	EndGlobalSection
	GlobalSection(ExtensibilityGlobals) = postSolution
		SolutionGuid = {290EF933-892B-48A5-88CF-D5DC971E86D7}
	EndGlobalSection
EndGlobal
